// !$*UTF8*$!
{
	archiveVersion = 1;
	classes = {
	};
	objectVersion = 50;
	objects = {

/* Begin PBXBuildFile section */
		EDFACFDB2229472D0059E2C4 /* AppDelegate.m in Sources */ = {isa = PBXBuildFile; fileRef = EDFACFDA2229472D0059E2C4 /* AppDelegate.m */; };
		EDFACFDE2229472D0059E2C4 /* ViewController.m in Sources */ = {isa = PBXBuildFile; fileRef = EDFACFDD2229472D0059E2C4 /* ViewController.m */; };
		EDFACFE12229472D0059E2C4 /* Main.storyboard in Resources */ = {isa = PBXBuildFile; fileRef = EDFACFDF2229472D0059E2C4 /* Main.storyboard */; };
		EDFACFE42229472D0059E2C4 /* YHEpunDemo.xcdatamodeld in Sources */ = {isa = PBXBuildFile; fileRef = EDFACFE22229472D0059E2C4 /* YHEpunDemo.xcdatamodeld */; };
		EDFACFE62229472E0059E2C4 /* Assets.xcassets in Resources */ = {isa = PBXBuildFile; fileRef = EDFACFE52229472E0059E2C4 /* Assets.xcassets */; };
		EDFACFE92229472E0059E2C4 /* LaunchScreen.storyboard in Resources */ = {isa = PBXBuildFile; fileRef = EDFACFE72229472E0059E2C4 /* LaunchScreen.storyboard */; };
		EDFACFEC2229472E0059E2C4 /* main.m in Sources */ = {isa = PBXBuildFile; fileRef = EDFACFEB2229472E0059E2C4 /* main.m */; };
		EDFACFF62229472E0059E2C4 /* YHEpunDemoTests.m in Sources */ = {isa = PBXBuildFile; fileRef = EDFACFF52229472E0059E2C4 /* YHEpunDemoTests.m */; };
		EDFAD0012229472E0059E2C4 /* YHEpunDemoUITests.m in Sources */ = {isa = PBXBuildFile; fileRef = EDFAD0002229472E0059E2C4 /* YHEpunDemoUITests.m */; };
/* End PBXBuildFile section */

/* Begin PBXContainerItemProxy section */
		EDFACFF22229472E0059E2C4 /* PBXContainerItemProxy */ = {
			isa = PBXContainerItemProxy;
			containerPortal = EDFACFCE2229472D0059E2C4 /* Project object */;
			proxyType = 1;
			remoteGlobalIDString = EDFACFD52229472D0059E2C4;
			remoteInfo = YHEpunDemo;
		};
		EDFACFFD2229472E0059E2C4 /* PBXContainerItemProxy */ = {
			isa = PBXContainerItemProxy;
			containerPortal = EDFACFCE2229472D0059E2C4 /* Project object */;
			proxyType = 1;
			remoteGlobalIDString = EDFACFD52229472D0059E2C4;
			remoteInfo = YHEpunDemo;
		};
/* End PBXContainerItemProxy section */

/* Begin PBXFileReference section */
		EDFACFD62229472D0059E2C4 /* YHEpunDemo.app */ = {isa = PBXFileReference; explicitFileType = wrapper.application; includeInIndex = 0; path = YHEpunDemo.app; sourceTree = BUILT_PRODUCTS_DIR; };
		EDFACFD92229472D0059E2C4 /* AppDelegate.h */ = {isa = PBXFileReference; lastKnownFileType = sourcecode.c.h; path = AppDelegate.h; sourceTree = "<group>"; };
		EDFACFDA2229472D0059E2C4 /* AppDelegate.m */ = {isa = PBXFileReference; lastKnownFileType = sourcecode.c.objc; path = AppDelegate.m; sourceTree = "<group>"; };
		EDFACFDC2229472D0059E2C4 /* ViewController.h */ = {isa = PBXFileReference; lastKnownFileType = sourcecode.c.h; path = ViewController.h; sourceTree = "<group>"; };
		EDFACFDD2229472D0059E2C4 /* ViewController.m */ = {isa = PBXFileReference; lastKnownFileType = sourcecode.c.objc; path = ViewController.m; sourceTree = "<group>"; };
		EDFACFE02229472D0059E2C4 /* Base */ = {isa = PBXFileReference; lastKnownFileType = file.storyboard; name = Base; path = Base.lproj/Main.storyboard; sourceTree = "<group>"; };
		EDFACFE32229472D0059E2C4 /* YHEpunDemo.xcdatamodel */ = {isa = PBXFileReference; lastKnownFileType = wrapper.xcdatamodel; path = YHEpunDemo.xcdatamodel; sourceTree = "<group>"; };
		EDFACFE52229472E0059E2C4 /* Assets.xcassets */ = {isa = PBXFileReference; lastKnownFileType = folder.assetcatalog; path = Assets.xcassets; sourceTree = "<group>"; };
		EDFACFE82229472E0059E2C4 /* Base */ = {isa = PBXFileReference; lastKnownFileType = file.storyboard; name = Base; path = Base.lproj/LaunchScreen.storyboard; sourceTree = "<group>"; };
		EDFACFEA2229472E0059E2C4 /* Info.plist */ = {isa = PBXFileReference; lastKnownFileType = text.plist.xml; path = Info.plist; sourceTree = "<group>"; };
		EDFACFEB2229472E0059E2C4 /* main.m */ = {isa = PBXFileReference; lastKnownFileType = sourcecode.c.objc; path = main.m; sourceTree = "<group>"; };
		EDFACFF12229472E0059E2C4 /* YHEpunDemoTests.xctest */ = {isa = PBXFileReference; explicitFileType = wrapper.cfbundle; includeInIndex = 0; path = YHEpunDemoTests.xctest; sourceTree = BUILT_PRODUCTS_DIR; };
		EDFACFF52229472E0059E2C4 /* YHEpunDemoTests.m */ = {isa = PBXFileReference; lastKnownFileType = sourcecode.c.objc; path = YHEpunDemoTests.m; sourceTree = "<group>"; };
		EDFACFF72229472E0059E2C4 /* Info.plist */ = {isa = PBXFileReference; lastKnownFileType = text.plist.xml; path = Info.plist; sourceTree = "<group>"; };
		EDFACFFC2229472E0059E2C4 /* YHEpunDemoUITests.xctest */ = {isa = PBXFileReference; explicitFileType = wrapper.cfbundle; includeInIndex = 0; path = YHEpunDemoUITests.xctest; sourceTree = BUILT_PRODUCTS_DIR; };
		EDFAD0002229472E0059E2C4 /* YHEpunDemoUITests.m */ = {isa = PBXFileReference; lastKnownFileType = sourcecode.c.objc; path = YHEpunDemoUITests.m; sourceTree = "<group>"; };
		EDFAD0022229472E0059E2C4 /* Info.plist */ = {isa = PBXFileReference; lastKnownFileType = text.plist.xml; path = Info.plist; sourceTree = "<group>"; };
/* End PBXFileReference section */

/* Begin PBXFrameworksBuildPhase section */
		EDFACFD32229472D0059E2C4 /* Frameworks */ = {
			isa = PBXFrameworksBuildPhase;
			buildActionMask = 2147483647;
			files = (
			);
			runOnlyForDeploymentPostprocessing = 0;
		};
		EDFACFEE2229472E0059E2C4 /* Frameworks */ = {
			isa = PBXFrameworksBuildPhase;
			buildActionMask = 2147483647;
			files = (
			);
			runOnlyForDeploymentPostprocessing = 0;
		};
		EDFACFF92229472E0059E2C4 /* Frameworks */ = {
			isa = PBXFrameworksBuildPhase;
			buildActionMask = 2147483647;
			files = (
			);
			runOnlyForDeploymentPostprocessing = 0;
		};
/* End PBXFrameworksBuildPhase section */

/* Begin PBXGroup section */
		EDFACFCD2229472D0059E2C4 = {
			isa = PBXGroup;
			children = (
				EDFACFD82229472D0059E2C4 /* YHEpunDemo */,
				EDFACFF42229472E0059E2C4 /* YHEpunDemoTests */,
				EDFACFFF2229472E0059E2C4 /* YHEpunDemoUITests */,
				EDFACFD72229472D0059E2C4 /* Products */,
			);
			sourceTree = "<group>";
		};
		EDFACFD72229472D0059E2C4 /* Products */ = {
			isa = PBXGroup;
			children = (
				EDFACFD62229472D0059E2C4 /* YHEpunDemo.app */,
				EDFACFF12229472E0059E2C4 /* YHEpunDemoTests.xctest */,
				EDFACFFC2229472E0059E2C4 /* YHEpunDemoUITests.xctest */,
			);
			name = Products;
			sourceTree = "<group>";
		};
		EDFACFD82229472D0059E2C4 /* YHEpunDemo */ = {
			isa = PBXGroup;
			children = (
				EDFACFD92229472D0059E2C4 /* AppDelegate.h */,
				EDFACFDA2229472D0059E2C4 /* AppDelegate.m */,
				EDFACFDC2229472D0059E2C4 /* ViewController.h */,
				EDFACFDD2229472D0059E2C4 /* ViewController.m */,
				EDFACFDF2229472D0059E2C4 /* Main.storyboard */,
				EDFACFE52229472E0059E2C4 /* Assets.xcassets */,
				EDFACFE72229472E0059E2C4 /* LaunchScreen.storyboard */,
				EDFACFEA2229472E0059E2C4 /* Info.plist */,
				EDFACFEB2229472E0059E2C4 /* main.m */,
				EDFACFE22229472D0059E2C4 /* YHEpunDemo.xcdatamodeld */,
			);
			path = YHEpunDemo;
			sourceTree = "<group>";
		};
		EDFACFF42229472E0059E2C4 /* YHEpunDemoTests */ = {
			isa = PBXGroup;
			children = (
				EDFACFF52229472E0059E2C4 /* YHEpunDemoTests.m */,
				EDFACFF72229472E0059E2C4 /* Info.plist */,
			);
			path = YHEpunDemoTests;
			sourceTree = "<group>";
		};
		EDFACFFF2229472E0059E2C4 /* YHEpunDemoUITests */ = {
			isa = PBXGroup;
			children = (
				EDFAD0002229472E0059E2C4 /* YHEpunDemoUITests.m */,
				EDFAD0022229472E0059E2C4 /* Info.plist */,
			);
			path = YHEpunDemoUITests;
			sourceTree = "<group>";
		};
/* End PBXGroup section */

/* Begin PBXNativeTarget section */
		EDFACFD52229472D0059E2C4 /* YHEpunDemo */ = {
			isa = PBXNativeTarget;
			buildConfigurationList = EDFAD0052229472E0059E2C4 /* Build configuration list for PBXNativeTarget "YHEpunDemo" */;
			buildPhases = (
				EDFACFD22229472D0059E2C4 /* Sources */,
				EDFACFD32229472D0059E2C4 /* Frameworks */,
				EDFACFD42229472D0059E2C4 /* Resources */,
			);
			buildRules = (
			);
			dependencies = (
			);
			name = YHEpunDemo;
			productName = YHEpunDemo;
			productReference = EDFACFD62229472D0059E2C4 /* YHEpunDemo.app */;
			productType = "com.apple.product-type.application";
		};
		EDFACFF02229472E0059E2C4 /* YHEpunDemoTests */ = {
			isa = PBXNativeTarget;
			buildConfigurationList = EDFAD0082229472E0059E2C4 /* Build configuration list for PBXNativeTarget "YHEpunDemoTests" */;
			buildPhases = (
				EDFACFED2229472E0059E2C4 /* Sources */,
				EDFACFEE2229472E0059E2C4 /* Frameworks */,
				EDFACFEF2229472E0059E2C4 /* Resources */,
			);
			buildRules = (
			);
			dependencies = (
				EDFACFF32229472E0059E2C4 /* PBXTargetDependency */,
			);
			name = YHEpunDemoTests;
			productName = YHEpunDemoTests;
			productReference = EDFACFF12229472E0059E2C4 /* YHEpunDemoTests.xctest */;
			productType = "com.apple.product-type.bundle.unit-test";
		};
		EDFACFFB2229472E0059E2C4 /* YHEpunDemoUITests */ = {
			isa = PBXNativeTarget;
			buildConfigurationList = EDFAD00B2229472E0059E2C4 /* Build configuration list for PBXNativeTarget "YHEpunDemoUITests" */;
			buildPhases = (
				EDFACFF82229472E0059E2C4 /* Sources */,
				EDFACFF92229472E0059E2C4 /* Frameworks */,
				EDFACFFA2229472E0059E2C4 /* Resources */,
			);
			buildRules = (
			);
			dependencies = (
				EDFACFFE2229472E0059E2C4 /* PBXTargetDependency */,
			);
			name = YHEpunDemoUITests;
			productName = YHEpunDemoUITests;
			productReference = EDFACFFC2229472E0059E2C4 /* YHEpunDemoUITests.xctest */;
			productType = "com.apple.product-type.bundle.ui-testing";
		};
/* End PBXNativeTarget section */

/* Begin PBXProject section */
		EDFACFCE2229472D0059E2C4 /* Project object */ = {
			isa = PBXProject;
			attributes = {
				LastUpgradeCheck = 1010;
				ORGANIZATIONNAME = survivorsfyh;
				TargetAttributes = {
					EDFACFD52229472D0059E2C4 = {
						CreatedOnToolsVersion = 10.1;
					};
					EDFACFF02229472E0059E2C4 = {
						CreatedOnToolsVersion = 10.1;
						TestTargetID = EDFACFD52229472D0059E2C4;
					};
					EDFACFFB2229472E0059E2C4 = {
						CreatedOnToolsVersion = 10.1;
						TestTargetID = EDFACFD52229472D0059E2C4;
					};
				};
			};
			buildConfigurationList = EDFACFD12229472D0059E2C4 /* Build configuration list for PBXProject "YHEpunDemo" */;
			compatibilityVersion = "Xcode 9.3";
			developmentRegion = en;
			hasScannedForEncodings = 0;
			knownRegions = (
				en,
				Base,
			);
			mainGroup = EDFACFCD2229472D0059E2C4;
			productRefGroup = EDFACFD72229472D0059E2C4 /* Products */;
			projectDirPath = "";
			projectRoot = "";
			targets = (
				EDFACFD52229472D0059E2C4 /* YHEpunDemo */,
				EDFACFF02229472E0059E2C4 /* YHEpunDemoTests */,
				EDFACFFB2229472E0059E2C4 /* YHEpunDemoUITests */,
			);
		};
/* End PBXProject section */

/* Begin PBXResourcesBuildPhase section */
		EDFACFD42229472D0059E2C4 /* Resources */ = {
			isa = PBXResourcesBuildPhase;
			buildActionMask = 2147483647;
			files = (
				EDFACFE92229472E0059E2C4 /* LaunchScreen.storyboard in Resources */,
				EDFACFE62229472E0059E2C4 /* Assets.xcassets in Resources */,
				EDFACFE12229472D0059E2C4 /* Main.storyboard in Resources */,
			);
			runOnlyForDeploymentPostprocessing = 0;
		};
		EDFACFEF2229472E0059E2C4 /* Resources */ = {
			isa = PBXResourcesBuildPhase;
			buildActionMask = 2147483647;
			files = (
			);
			runOnlyForDeploymentPostprocessing = 0;
		};
		EDFACFFA2229472E0059E2C4 /* Resources */ = {
			isa = PBXResourcesBuildPhase;
			buildActionMask = 2147483647;
			files = (
			);
			runOnlyForDeploymentPostprocessing = 0;
		};
/* End PBXResourcesBuildPhase section */

/* Begin PBXSourcesBuildPhase section */
		EDFACFD22229472D0059E2C4 /* Sources */ = {
			isa = PBXSourcesBuildPhase;
			buildActionMask = 2147483647;
			files = (
				EDFACFDE2229472D0059E2C4 /* ViewController.m in Sources */,
				EDFACFDB2229472D0059E2C4 /* AppDelegate.m in Sources */,
				EDFACFEC2229472E0059E2C4 /* main.m in Sources */,
				EDFACFE42229472D0059E2C4 /* YHEpunDemo.xcdatamodeld in Sources */,
			);
			runOnlyForDeploymentPostprocessing = 0;
		};
		EDFACFED2229472E0059E2C4 /* Sources */ = {
			isa = PBXSourcesBuildPhase;
			buildActionMask = 2147483647;
			files = (
				EDFACFF62229472E0059E2C4 /* YHEpunDemoTests.m in Sources */,
			);
			runOnlyForDeploymentPostprocessing = 0;
		};
		EDFACFF82229472E0059E2C4 /* Sources */ = {
			isa = PBXSourcesBuildPhase;
			buildActionMask = 2147483647;
			files = (
				EDFAD0012229472E0059E2C4 /* YHEpunDemoUITests.m in Sources */,
			);
			runOnlyForDeploymentPostprocessing = 0;
		};
/* End PBXSourcesBuildPhase section */

/* Begin PBXTargetDependency section */
		EDFACFF32229472E0059E2C4 /* PBXTargetDependency */ = {
			isa = PBXTargetDependency;
			target = EDFACFD52229472D0059E2C4 /* YHEpunDemo */;
			targetProxy = EDFACFF22229472E0059E2C4 /* PBXContainerItemProxy */;
		};
		EDFACFFE2229472E0059E2C4 /* PBXTargetDependency */ = {
			isa = PBXTargetDependency;
			target = EDFACFD52229472D0059E2C4 /* YHEpunDemo */;
			targetProxy = EDFACFFD2229472E0059E2C4 /* PBXContainerItemProxy */;
		};
/* End PBXTargetDependency section */

/* Begin PBXVariantGroup section */
		EDFACFDF2229472D0059E2C4 /* Main.storyboard */ = {
			isa = PBXVariantGroup;
			children = (
				EDFACFE02229472D0059E2C4 /* Base */,
			);
			name = Main.storyboard;
			sourceTree = "<group>";
		};
		EDFACFE72229472E0059E2C4 /* LaunchScreen.storyboard */ = {
			isa = PBXVariantGroup;
			children = (
				EDFACFE82229472E0059E2C4 /* Base */,
			);
			name = LaunchScreen.storyboard;
			sourceTree = "<group>";
		};
/* End PBXVariantGroup section */

/* Begin XCBuildConfiguration section */
		EDFAD0032229472E0059E2C4 /* Debug */ = {
			isa = XCBuildConfiguration;
			buildSettings = {
				ALWAYS_SEARCH_USER_PATHS = NO;
				CLANG_ANALYZER_NONNULL = YES;
				CLANG_ANALYZER_NUMBER_OBJECT_CONVERSION = YES_AGGRESSIVE;
				CLANG_CXX_LANGUAGE_STANDARD = "gnu++14";
				CLANG_CXX_LIBRARY = "libc++";
				CLANG_ENABLE_MODULES = YES;
				CLANG_ENABLE_OBJC_ARC = YES;
				CLANG_ENABLE_OBJC_WEAK = YES;
				CLANG_WARN_BLOCK_CAPTURE_AUTORELEASING = YES;
				CLANG_WARN_BOOL_CONVERSION = YES;
				CLANG_WARN_COMMA = YES;
				CLANG_WARN_CONSTANT_CONVERSION = YES;
				CLANG_WARN_DEPRECATED_OBJC_IMPLEMENTATIONS = YES;
				CLANG_WARN_DIRECT_OBJC_ISA_USAGE = YES_ERROR;
				CLANG_WARN_DOCUMENTATION_COMMENTS = YES;
				CLANG_WARN_EMPTY_BODY = YES;
				CLANG_WARN_ENUM_CONVERSION = YES;
				CLANG_WARN_INFINITE_RECURSION = YES;
				CLANG_WARN_INT_CONVERSION = YES;
				CLANG_WARN_NON_LITERAL_NULL_CONVERSION = YES;
				CLANG_WARN_OBJC_IMPLICIT_RETAIN_SELF = YES;
				CLANG_WARN_OBJC_LITERAL_CONVERSION = YES;
				CLANG_WARN_OBJC_ROOT_CLASS = YES_ERROR;
				CLANG_WARN_RANGE_LOOP_ANALYSIS = YES;
				CLANG_WARN_STRICT_PROTOTYPES = YES;
				CLANG_WARN_SUSPICIOUS_MOVE = YES;
				CLANG_WARN_UNGUARDED_AVAILABILITY = YES_AGGRESSIVE;
				CLANG_WARN_UNREACHABLE_CODE = YES;
				CLANG_WARN__DUPLICATE_METHOD_MATCH = YES;
				CODE_SIGN_IDENTITY = "iPhone Developer";
				COPY_PHASE_STRIP = NO;
				DEBUG_INFORMATION_FORMAT = dwarf;
				ENABLE_STRICT_OBJC_MSGSEND = YES;
				ENABLE_TESTABILITY = YES;
				GCC_C_LANGUAGE_STANDARD = gnu11;
				GCC_DYNAMIC_NO_PIC = NO;
				GCC_NO_COMMON_BLOCKS = YES;
				GCC_OPTIMIZATION_LEVEL = 0;
				GCC_PREPROCESSOR_DEFINITIONS = (
					"DEBUG=1",
					"$(inherited)",
				);
				GCC_WARN_64_TO_32_BIT_CONVERSION = YES;
				GCC_WARN_ABOUT_RETURN_TYPE = YES_ERROR;
				GCC_WARN_UNDECLARED_SELECTOR = YES;
				GCC_WARN_UNINITIALIZED_AUTOS = YES_AGGRESSIVE;
				GCC_WARN_UNUSED_FUNCTION = YES;
				GCC_WARN_UNUSED_VARIABLE = YES;
				IPHONEOS_DEPLOYMENT_TARGET = 12.1;
				MTL_ENABLE_DEBUG_INFO = INCLUDE_SOURCE;
				MTL_FAST_MATH = YES;
				ONLY_ACTIVE_ARCH = YES;
				SDKROOT = iphoneos;
			};
			name = Debug;
		};
		EDFAD0042229472E0059E2C4 /* Release */ = {
			isa = XCBuildConfiguration;
			buildSettings = {
				ALWAYS_SEARCH_USER_PATHS = NO;
				CLANG_ANALYZER_NONNULL = YES;
				CLANG_ANALYZER_NUMBER_OBJECT_CONVERSION = YES_AGGRESSIVE;
				CLANG_CXX_LANGUAGE_STANDARD = "gnu++14";
				CLANG_CXX_LIBRARY = "libc++";
				CLANG_ENABLE_MODULES = YES;
				CLANG_ENABLE_OBJC_ARC = YES;
				CLANG_ENABLE_OBJC_WEAK = YES;
				CLANG_WARN_BLOCK_CAPTURE_AUTORELEASING = YES;
				CLANG_WARN_BOOL_CONVERSION = YES;
				CLANG_WARN_COMMA = YES;
				CLANG_WARN_CONSTANT_CONVERSION = YES;
				CLANG_WARN_DEPRECATED_OBJC_IMPLEMENTATIONS = YES;
				CLANG_WARN_DIRECT_OBJC_ISA_USAGE = YES_ERROR;
				CLANG_WARN_DOCUMENTATION_COMMENTS = YES;
				CLANG_WARN_EMPTY_BODY = YES;
				CLANG_WARN_ENUM_CONVERSION = YES;
				CLANG_WARN_INFINITE_RECURSION = YES;
				CLANG_WARN_INT_CONVERSION = YES;
				CLANG_WARN_NON_LITERAL_NULL_CONVERSION = YES;
				CLANG_WARN_OBJC_IMPLICIT_RETAIN_SELF = YES;
				CLANG_WARN_OBJC_LITERAL_CONVERSION = YES;
				CLANG_WARN_OBJC_ROOT_CLASS = YES_ERROR;
				CLANG_WARN_RANGE_LOOP_ANALYSIS = YES;
				CLANG_WARN_STRICT_PROTOTYPES = YES;
				CLANG_WARN_SUSPICIOUS_MOVE = YES;
				CLANG_WARN_UNGUARDED_AVAILABILITY = YES_AGGRESSIVE;
				CLANG_WARN_UNREACHABLE_CODE = YES;
				CLANG_WARN__DUPLICATE_METHOD_MATCH = YES;
				CODE_SIGN_IDENTITY = "iPhone Developer";
				COPY_PHASE_STRIP = NO;
				DEBUG_INFORMATION_FORMAT = "dwarf-with-dsym";
				ENABLE_NS_ASSERTIONS = NO;
				ENABLE_STRICT_OBJC_MSGSEND = YES;
				GCC_C_LANGUAGE_STANDARD = gnu11;
				GCC_NO_COMMON_BLOCKS = YES;
				GCC_WARN_64_TO_32_BIT_CONVERSION = YES;
				GCC_WARN_ABOUT_RETURN_TYPE = YES_ERROR;
				GCC_WARN_UNDECLARED_SELECTOR = YES;
				GCC_WARN_UNINITIALIZED_AUTOS = YES_AGGRESSIVE;
				GCC_WARN_UNUSED_FUNCTION = YES;
				GCC_WARN_UNUSED_VARIABLE = YES;
				IPHONEOS_DEPLOYMENT_TARGET = 12.1;
				MTL_ENABLE_DEBUG_INFO = NO;
				MTL_FAST_MATH = YES;
				SDKROOT = iphoneos;
				VALIDATE_PRODUCT = YES;
			};
			name = Release;
		};
		EDFAD0062229472E0059E2C4 /* Debug */ = {
			isa = XCBuildConfiguration;
			buildSettings = {
				ASSETCATALOG_COMPILER_APPICON_NAME = AppIcon;
				CODE_SIGN_STYLE = Automatic;
				INFOPLIST_FILE = YHEpunDemo/Info.plist;
				IPHONEOS_DEPLOYMENT_TARGET = 8.0;
				LD_RUNPATH_SEARCH_PATHS = (
					"$(inherited)",
					"@executable_path/Frameworks",
				);
				PRODUCT_BUNDLE_IDENTIFIER = YHProject.YHEpunDemo;
				PRODUCT_NAME = "$(TARGET_NAME)";
				TARGETED_DEVICE_FAMILY = "1,2";
			};
			name = Debug;
		};
		EDFAD0072229472E0059E2C4 /* Release */ = {
			isa = XCBuildConfiguration;
			buildSettings = {
				ASSETCATALOG_COMPILER_APPICON_NAME = AppIcon;
				CODE_SIGN_STYLE = Automatic;
				INFOPLIST_FILE = YHEpunDemo/Info.plist;
				IPHONEOS_DEPLOYMENT_TARGET = 8.0;
				LD_RUNPATH_SEARCH_PATHS = (
					"$(inherited)",
					"@executable_path/Frameworks",
				);
				PRODUCT_BUNDLE_IDENTIFIER = YHProject.YHEpunDemo;
				PRODUCT_NAME = "$(TARGET_NAME)";
				TARGETED_DEVICE_FAMILY = "1,2";
			};
			name = Release;
		};
		EDFAD0092229472E0059E2C4 /* Debug */ = {
			isa = XCBuildConfiguration;
			buildSettings = {
				BUNDLE_LOADER = "$(TEST_HOST)";
				CODE_SIGN_STYLE = Automatic;
				INFOPLIST_FILE = YHEpunDemoTests/Info.plist;
				LD_RUNPATH_SEARCH_PATHS = (
					"$(inherited)",
					"@executable_path/Frameworks",
					"@loader_path/Frameworks",
				);
				PRODUCT_BUNDLE_IDENTIFIER = YHProject.YHEpunDemoTests;
				PRODUCT_NAME = "$(TARGET_NAME)";
				TARGETED_DEVICE_FAMILY = "1,2";
				TEST_HOST = "$(BUILT_PRODUCTS_DIR)/YHEpunDemo.app/YHEpunDemo";
			};
			name = Debug;
		};
		EDFAD00A2229472E0059E2C4 /* Release */ = {
			isa = XCBuildConfiguration;
			buildSettings = {
				BUNDLE_LOADER = "$(TEST_HOST)";
				CODE_SIGN_STYLE = Automatic;
				INFOPLIST_FILE = YHEpunDemoTests/Info.plist;
				LD_RUNPATH_SEARCH_PATHS = (
					"$(inherited)",
					"@executable_path/Frameworks",
					"@loader_path/Frameworks",
				);
				PRODUCT_BUNDLE_IDENTIFIER = YHProject.YHEpunDemoTests;
				PRODUCT_NAME = "$(TARGET_NAME)";
				TARGETED_DEVICE_FAMILY = "1,2";
				TEST_HOST = "$(BUILT_PRODUCTS_DIR)/YHEpunDemo.app/YHEpunDemo";
			};
			name = Release;
		};
		EDFAD00C2229472E0059E2C4 /* Debug */ = {
			isa = XCBuildConfiguration;
			buildSettings = {
				CODE_SIGN_STYLE = Automatic;
				INFOPLIST_FILE = YHEpunDemoUITests/Info.plist;
				LD_RUNPATH_SEARCH_PATHS = (
					"$(inherited)",
					"@executable_path/Frameworks",
					"@loader_path/Frameworks",
				);
				PRODUCT_BUNDLE_IDENTIFIER = YHProject.YHEpunDemoUITests;
				PRODUCT_NAME = "$(TARGET_NAME)";
				TARGETED_DEVICE_FAMILY = "1,2";
				TEST_TARGET_NAME = YHEpunDemo;
			};
			name = Debug;
		};
		EDFAD00D2229472E0059E2C4 /* Release */ = {
			isa = XCBuildConfiguration;
			buildSettings = {
				CODE_SIGN_STYLE = Automatic;
				INFOPLIST_FILE = YHEpunDemoUITests/Info.plist;
				LD_RUNPATH_SEARCH_PATHS = (
					"$(inherited)",
					"@executable_path/Frameworks",
					"@loader_path/Frameworks",
				);
				PRODUCT_BUNDLE_IDENTIFIER = YHProject.YHEpunDemoUITests;
				PRODUCT_NAME = "$(TARGET_NAME)";
				TARGETED_DEVICE_FAMILY = "1,2";
				TEST_TARGET_NAME = YHEpunDemo;
			};
			name = Release;
		};
/* End XCBuildConfiguration section */

/* Begin XCConfigurationList section */
		EDFACFD12229472D0059E2C4 /* Build configuration list for PBXProject "YHEpunDemo" */ = {
			isa = XCConfigurationList;
			buildConfigurations = (
				EDFAD0032229472E0059E2C4 /* Debug */,
				EDFAD0042229472E0059E2C4 /* Release */,
			);
			defaultConfigurationIsVisible = 0;
			defaultConfigurationName = Release;
		};
		EDFAD0052229472E0059E2C4 /* Build configuration list for PBXNativeTarget "YHEpunDemo" */ = {
			isa = XCConfigurationList;
			buildConfigurations = (
				EDFAD0062229472E0059E2C4 /* Debug */,
				EDFAD0072229472E0059E2C4 /* Release */,
			);
			defaultConfigurationIsVisible = 0;
			defaultConfigurationName = Release;
		};
		EDFAD0082229472E0059E2C4 /* Build configuration list for PBXNativeTarget "YHEpunDemoTests" */ = {
			isa = XCConfigurationList;
			buildConfigurations = (
				EDFAD0092229472E0059E2C4 /* Debug */,
				EDFAD00A2229472E0059E2C4 /* Release */,
			);
			defaultConfigurationIsVisible = 0;
			defaultConfigurationName = Release;
		};
		EDFAD00B2229472E0059E2C4 /* Build configuration list for PBXNativeTarget "YHEpunDemoUITests" */ = {
			isa = XCConfigurationList;
			buildConfigurations = (
				EDFAD00C2229472E0059E2C4 /* Debug */,
				EDFAD00D2229472E0059E2C4 /* Release */,
			);
			defaultConfigurationIsVisible = 0;
			defaultConfigurationName = Release;
		};
/* End XCConfigurationList section */

/* Begin XCVersionGroup section */
		EDFACFE22229472D0059E2C4 /* YHEpunDemo.xcdatamodeld */ = {
			isa = XCVersionGroup;
			children = (
				EDFACFE32229472D0059E2C4 /* YHEpunDemo.xcdatamodel */,
			);
			currentVersion = EDFACFE32229472D0059E2C4 /* YHEpunDemo.xcdatamodel */;
			path = YHEpunDemo.xcdatamodeld;
			sourceTree = "<group>";
			versionGroupType = wrapper.xcdatamodel;
		};
/* End XCVersionGroup section */
	};
	rootObject = EDFACFCE2229472D0059E2C4 /* Project object */;
}
