// !$*UTF8*$!
{
	archiveVersion = 1;
	classes = {
	};
	objectVersion = 50;
	objects = {

/* Begin PBXBuildFile section */
		6BF7E12F1C12B7F7812911F4 /* libPods-YHEpubDemo.a in Frameworks */ = {isa = PBXBuildFile; fileRef = 7B10A4459C458C3080E1D6D4 /* libPods-YHEpubDemo.a */; };
		EDFAD01C222948920059E2C4 /* AppDelegate.m in Sources */ = {isa = PBXBuildFile; fileRef = EDFAD01B222948920059E2C4 /* AppDelegate.m */; };
		EDFAD01F222948920059E2C4 /* ViewController.m in Sources */ = {isa = PBXBuildFile; fileRef = EDFAD01E222948920059E2C4 /* ViewController.m */; };
		EDFAD022222948920059E2C4 /* Main.storyboard in Resources */ = {isa = PBXBuildFile; fileRef = EDFAD020222948920059E2C4 /* Main.storyboard */; };
		EDFAD025222948920059E2C4 /* YHEpubDemo.xcdatamodeld in Sources */ = {isa = PBXBuildFile; fileRef = EDFAD023222948920059E2C4 /* YHEpubDemo.xcdatamodeld */; };
		EDFAD027222948930059E2C4 /* Assets.xcassets in Resources */ = {isa = PBXBuildFile; fileRef = EDFAD026222948930059E2C4 /* Assets.xcassets */; };
		EDFAD02A222948930059E2C4 /* LaunchScreen.storyboard in Resources */ = {isa = PBXBuildFile; fileRef = EDFAD028222948930059E2C4 /* LaunchScreen.storyboard */; };
		EDFAD02D222948930059E2C4 /* main.m in Sources */ = {isa = PBXBuildFile; fileRef = EDFAD02C222948930059E2C4 /* main.m */; };
		EDFAD037222948930059E2C4 /* YHEpubDemoTests.m in Sources */ = {isa = PBXBuildFile; fileRef = EDFAD036222948930059E2C4 /* YHEpubDemoTests.m */; };
		EDFAD042222948930059E2C4 /* YHEpubDemoUITests.m in Sources */ = {isa = PBXBuildFile; fileRef = EDFAD041222948930059E2C4 /* YHEpubDemoUITests.m */; };
/* End PBXBuildFile section */

/* Begin PBXContainerItemProxy section */
		EDFAD033222948930059E2C4 /* PBXContainerItemProxy */ = {
			isa = PBXContainerItemProxy;
			containerPortal = EDFAD00F222948920059E2C4 /* Project object */;
			proxyType = 1;
			remoteGlobalIDString = EDFAD016222948920059E2C4;
			remoteInfo = YHEpubDemo;
		};
		EDFAD03E222948930059E2C4 /* PBXContainerItemProxy */ = {
			isa = PBXContainerItemProxy;
			containerPortal = EDFAD00F222948920059E2C4 /* Project object */;
			proxyType = 1;
			remoteGlobalIDString = EDFAD016222948920059E2C4;
			remoteInfo = YHEpubDemo;
		};
/* End PBXContainerItemProxy section */

/* Begin PBXFileReference section */
		7B10A4459C458C3080E1D6D4 /* libPods-YHEpubDemo.a */ = {isa = PBXFileReference; explicitFileType = archive.ar; includeInIndex = 0; path = "libPods-YHEpubDemo.a"; sourceTree = BUILT_PRODUCTS_DIR; };
		84737922873718C4241864FC /* Pods-YHEpubDemo.release.xcconfig */ = {isa = PBXFileReference; includeInIndex = 1; lastKnownFileType = text.xcconfig; name = "Pods-YHEpubDemo.release.xcconfig"; path = "Pods/Target Support Files/Pods-YHEpubDemo/Pods-YHEpubDemo.release.xcconfig"; sourceTree = "<group>"; };
		A7EB49D043339CCC6A615BB0 /* Pods-YHEpubDemo.debug.xcconfig */ = {isa = PBXFileReference; includeInIndex = 1; lastKnownFileType = text.xcconfig; name = "Pods-YHEpubDemo.debug.xcconfig"; path = "Pods/Target Support Files/Pods-YHEpubDemo/Pods-YHEpubDemo.debug.xcconfig"; sourceTree = "<group>"; };
		EDFAD017222948920059E2C4 /* YHEpubDemo.app */ = {isa = PBXFileReference; explicitFileType = wrapper.application; includeInIndex = 0; path = YHEpubDemo.app; sourceTree = BUILT_PRODUCTS_DIR; };
		EDFAD01A222948920059E2C4 /* AppDelegate.h */ = {isa = PBXFileReference; lastKnownFileType = sourcecode.c.h; path = AppDelegate.h; sourceTree = "<group>"; };
		EDFAD01B222948920059E2C4 /* AppDelegate.m */ = {isa = PBXFileReference; lastKnownFileType = sourcecode.c.objc; path = AppDelegate.m; sourceTree = "<group>"; };
		EDFAD01D222948920059E2C4 /* ViewController.h */ = {isa = PBXFileReference; lastKnownFileType = sourcecode.c.h; path = ViewController.h; sourceTree = "<group>"; };
		EDFAD01E222948920059E2C4 /* ViewController.m */ = {isa = PBXFileReference; lastKnownFileType = sourcecode.c.objc; path = ViewController.m; sourceTree = "<group>"; };
		EDFAD021222948920059E2C4 /* Base */ = {isa = PBXFileReference; lastKnownFileType = file.storyboard; name = Base; path = Base.lproj/Main.storyboard; sourceTree = "<group>"; };
		EDFAD024222948920059E2C4 /* YHEpubDemo.xcdatamodel */ = {isa = PBXFileReference; lastKnownFileType = wrapper.xcdatamodel; path = YHEpubDemo.xcdatamodel; sourceTree = "<group>"; };
		EDFAD026222948930059E2C4 /* Assets.xcassets */ = {isa = PBXFileReference; lastKnownFileType = folder.assetcatalog; path = Assets.xcassets; sourceTree = "<group>"; };
		EDFAD029222948930059E2C4 /* Base */ = {isa = PBXFileReference; lastKnownFileType = file.storyboard; name = Base; path = Base.lproj/LaunchScreen.storyboard; sourceTree = "<group>"; };
		EDFAD02B222948930059E2C4 /* Info.plist */ = {isa = PBXFileReference; lastKnownFileType = text.plist.xml; path = Info.plist; sourceTree = "<group>"; };
		EDFAD02C222948930059E2C4 /* main.m */ = {isa = PBXFileReference; lastKnownFileType = sourcecode.c.objc; path = main.m; sourceTree = "<group>"; };
		EDFAD032222948930059E2C4 /* YHEpubDemoTests.xctest */ = {isa = PBXFileReference; explicitFileType = wrapper.cfbundle; includeInIndex = 0; path = YHEpubDemoTests.xctest; sourceTree = BUILT_PRODUCTS_DIR; };
		EDFAD036222948930059E2C4 /* YHEpubDemoTests.m */ = {isa = PBXFileReference; lastKnownFileType = sourcecode.c.objc; path = YHEpubDemoTests.m; sourceTree = "<group>"; };
		EDFAD038222948930059E2C4 /* Info.plist */ = {isa = PBXFileReference; lastKnownFileType = text.plist.xml; path = Info.plist; sourceTree = "<group>"; };
		EDFAD03D222948930059E2C4 /* YHEpubDemoUITests.xctest */ = {isa = PBXFileReference; explicitFileType = wrapper.cfbundle; includeInIndex = 0; path = YHEpubDemoUITests.xctest; sourceTree = BUILT_PRODUCTS_DIR; };
		EDFAD041222948930059E2C4 /* YHEpubDemoUITests.m */ = {isa = PBXFileReference; lastKnownFileType = sourcecode.c.objc; path = YHEpubDemoUITests.m; sourceTree = "<group>"; };
		EDFAD043222948930059E2C4 /* Info.plist */ = {isa = PBXFileReference; lastKnownFileType = text.plist.xml; path = Info.plist; sourceTree = "<group>"; };
/* End PBXFileReference section */

/* Begin PBXFrameworksBuildPhase section */
		EDFAD014222948920059E2C4 /* Frameworks */ = {
			isa = PBXFrameworksBuildPhase;
			buildActionMask = 2147483647;
			files = (
				6BF7E12F1C12B7F7812911F4 /* libPods-YHEpubDemo.a in Frameworks */,
			);
			runOnlyForDeploymentPostprocessing = 0;
		};
		EDFAD02F222948930059E2C4 /* Frameworks */ = {
			isa = PBXFrameworksBuildPhase;
			buildActionMask = 2147483647;
			files = (
			);
			runOnlyForDeploymentPostprocessing = 0;
		};
		EDFAD03A222948930059E2C4 /* Frameworks */ = {
			isa = PBXFrameworksBuildPhase;
			buildActionMask = 2147483647;
			files = (
			);
			runOnlyForDeploymentPostprocessing = 0;
		};
/* End PBXFrameworksBuildPhase section */

/* Begin PBXGroup section */
		47571C517D9F2E49951E2B94 /* Pods */ = {
			isa = PBXGroup;
			children = (
				A7EB49D043339CCC6A615BB0 /* Pods-YHEpubDemo.debug.xcconfig */,
				84737922873718C4241864FC /* Pods-YHEpubDemo.release.xcconfig */,
			);
			name = Pods;
			sourceTree = "<group>";
		};
		92E6144FB3E8892B92F2ECF5 /* Frameworks */ = {
			isa = PBXGroup;
			children = (
				7B10A4459C458C3080E1D6D4 /* libPods-YHEpubDemo.a */,
			);
			name = Frameworks;
			sourceTree = "<group>";
		};
		EDFAD00E222948920059E2C4 = {
			isa = PBXGroup;
			children = (
				EDFAD019222948920059E2C4 /* YHEpubDemo */,
				EDFAD035222948930059E2C4 /* YHEpubDemoTests */,
				EDFAD040222948930059E2C4 /* YHEpubDemoUITests */,
				EDFAD018222948920059E2C4 /* Products */,
				47571C517D9F2E49951E2B94 /* Pods */,
				92E6144FB3E8892B92F2ECF5 /* Frameworks */,
			);
			sourceTree = "<group>";
		};
		EDFAD018222948920059E2C4 /* Products */ = {
			isa = PBXGroup;
			children = (
				EDFAD017222948920059E2C4 /* YHEpubDemo.app */,
				EDFAD032222948930059E2C4 /* YHEpubDemoTests.xctest */,
				EDFAD03D222948930059E2C4 /* YHEpubDemoUITests.xctest */,
			);
			name = Products;
			sourceTree = "<group>";
		};
		EDFAD019222948920059E2C4 /* YHEpubDemo */ = {
			isa = PBXGroup;
			children = (
				EDFAD01A222948920059E2C4 /* AppDelegate.h */,
				EDFAD01B222948920059E2C4 /* AppDelegate.m */,
				EDFAD01D222948920059E2C4 /* ViewController.h */,
				EDFAD01E222948920059E2C4 /* ViewController.m */,
				EDFAD020222948920059E2C4 /* Main.storyboard */,
				EDFAD026222948930059E2C4 /* Assets.xcassets */,
				EDFAD028222948930059E2C4 /* LaunchScreen.storyboard */,
				EDFAD02B222948930059E2C4 /* Info.plist */,
				EDFAD02C222948930059E2C4 /* main.m */,
				EDFAD023222948920059E2C4 /* YHEpubDemo.xcdatamodeld */,
			);
			path = YHEpubDemo;
			sourceTree = "<group>";
		};
		EDFAD035222948930059E2C4 /* YHEpubDemoTests */ = {
			isa = PBXGroup;
			children = (
				EDFAD036222948930059E2C4 /* YHEpubDemoTests.m */,
				EDFAD038222948930059E2C4 /* Info.plist */,
			);
			path = YHEpubDemoTests;
			sourceTree = "<group>";
		};
		EDFAD040222948930059E2C4 /* YHEpubDemoUITests */ = {
			isa = PBXGroup;
			children = (
				EDFAD041222948930059E2C4 /* YHEpubDemoUITests.m */,
				EDFAD043222948930059E2C4 /* Info.plist */,
			);
			path = YHEpubDemoUITests;
			sourceTree = "<group>";
		};
/* End PBXGroup section */

/* Begin PBXNativeTarget section */
		EDFAD016222948920059E2C4 /* YHEpubDemo */ = {
			isa = PBXNativeTarget;
			buildConfigurationList = EDFAD046222948930059E2C4 /* Build configuration list for PBXNativeTarget "YHEpubDemo" */;
			buildPhases = (
				3227BD5E2020D250CC4051CF /* [CP] Check Pods Manifest.lock */,
				EDFAD013222948920059E2C4 /* Sources */,
				EDFAD014222948920059E2C4 /* Frameworks */,
				EDFAD015222948920059E2C4 /* Resources */,
				F5C06362C829D4DB92A78969 /* [CP] Copy Pods Resources */,
			);
			buildRules = (
			);
			dependencies = (
			);
			name = YHEpubDemo;
			productName = YHEpubDemo;
			productReference = EDFAD017222948920059E2C4 /* YHEpubDemo.app */;
			productType = "com.apple.product-type.application";
		};
		EDFAD031222948930059E2C4 /* YHEpubDemoTests */ = {
			isa = PBXNativeTarget;
			buildConfigurationList = EDFAD049222948930059E2C4 /* Build configuration list for PBXNativeTarget "YHEpubDemoTests" */;
			buildPhases = (
				EDFAD02E222948930059E2C4 /* Sources */,
				EDFAD02F222948930059E2C4 /* Frameworks */,
				EDFAD030222948930059E2C4 /* Resources */,
			);
			buildRules = (
			);
			dependencies = (
				EDFAD034222948930059E2C4 /* PBXTargetDependency */,
			);
			name = YHEpubDemoTests;
			productName = YHEpubDemoTests;
			productReference = EDFAD032222948930059E2C4 /* YHEpubDemoTests.xctest */;
			productType = "com.apple.product-type.bundle.unit-test";
		};
		EDFAD03C222948930059E2C4 /* YHEpubDemoUITests */ = {
			isa = PBXNativeTarget;
			buildConfigurationList = EDFAD04C222948930059E2C4 /* Build configuration list for PBXNativeTarget "YHEpubDemoUITests" */;
			buildPhases = (
				EDFAD039222948930059E2C4 /* Sources */,
				EDFAD03A222948930059E2C4 /* Frameworks */,
				EDFAD03B222948930059E2C4 /* Resources */,
			);
			buildRules = (
			);
			dependencies = (
				EDFAD03F222948930059E2C4 /* PBXTargetDependency */,
			);
			name = YHEpubDemoUITests;
			productName = YHEpubDemoUITests;
			productReference = EDFAD03D222948930059E2C4 /* YHEpubDemoUITests.xctest */;
			productType = "com.apple.product-type.bundle.ui-testing";
		};
/* End PBXNativeTarget section */

/* Begin PBXProject section */
		EDFAD00F222948920059E2C4 /* Project object */ = {
			isa = PBXProject;
			attributes = {
				LastUpgradeCheck = 1010;
				ORGANIZATIONNAME = survivorsfyh;
				TargetAttributes = {
					EDFAD016222948920059E2C4 = {
						CreatedOnToolsVersion = 10.1;
					};
					EDFAD031222948930059E2C4 = {
						CreatedOnToolsVersion = 10.1;
						TestTargetID = EDFAD016222948920059E2C4;
					};
					EDFAD03C222948930059E2C4 = {
						CreatedOnToolsVersion = 10.1;
						TestTargetID = EDFAD016222948920059E2C4;
					};
				};
			};
			buildConfigurationList = EDFAD012222948920059E2C4 /* Build configuration list for PBXProject "YHEpubDemo" */;
			compatibilityVersion = "Xcode 9.3";
			developmentRegion = en;
			hasScannedForEncodings = 0;
			knownRegions = (
				en,
				Base,
			);
			mainGroup = EDFAD00E222948920059E2C4;
			productRefGroup = EDFAD018222948920059E2C4 /* Products */;
			projectDirPath = "";
			projectRoot = "";
			targets = (
				EDFAD016222948920059E2C4 /* YHEpubDemo */,
				EDFAD031222948930059E2C4 /* YHEpubDemoTests */,
				EDFAD03C222948930059E2C4 /* YHEpubDemoUITests */,
			);
		};
/* End PBXProject section */

/* Begin PBXResourcesBuildPhase section */
		EDFAD015222948920059E2C4 /* Resources */ = {
			isa = PBXResourcesBuildPhase;
			buildActionMask = 2147483647;
			files = (
				EDFAD02A222948930059E2C4 /* LaunchScreen.storyboard in Resources */,
				EDFAD027222948930059E2C4 /* Assets.xcassets in Resources */,
				EDFAD022222948920059E2C4 /* Main.storyboard in Resources */,
			);
			runOnlyForDeploymentPostprocessing = 0;
		};
		EDFAD030222948930059E2C4 /* Resources */ = {
			isa = PBXResourcesBuildPhase;
			buildActionMask = 2147483647;
			files = (
			);
			runOnlyForDeploymentPostprocessing = 0;
		};
		EDFAD03B222948930059E2C4 /* Resources */ = {
			isa = PBXResourcesBuildPhase;
			buildActionMask = 2147483647;
			files = (
			);
			runOnlyForDeploymentPostprocessing = 0;
		};
/* End PBXResourcesBuildPhase section */

/* Begin PBXShellScriptBuildPhase section */
		3227BD5E2020D250CC4051CF /* [CP] Check Pods Manifest.lock */ = {
			isa = PBXShellScriptBuildPhase;
			buildActionMask = 2147483647;
			files = (
			);
			inputPaths = (
				"${PODS_PODFILE_DIR_PATH}/Podfile.lock",
				"${PODS_ROOT}/Manifest.lock",
			);
			name = "[CP] Check Pods Manifest.lock";
			outputPaths = (
				"$(DERIVED_FILE_DIR)/Pods-YHEpubDemo-checkManifestLockResult.txt",
			);
			runOnlyForDeploymentPostprocessing = 0;
			shellPath = /bin/sh;
			shellScript = "diff \"${PODS_PODFILE_DIR_PATH}/Podfile.lock\" \"${PODS_ROOT}/Manifest.lock\" > /dev/null\nif [ $? != 0 ] ; then\n    # print error to STDERR\n    echo \"error: The sandbox is not in sync with the Podfile.lock. Run 'pod install' or update your CocoaPods installation.\" >&2\n    exit 1\nfi\n# This output is used by Xcode 'outputs' to avoid re-running this script phase.\necho \"SUCCESS\" > \"${SCRIPT_OUTPUT_FILE_0}\"\n";
			showEnvVarsInLog = 0;
		};
		F5C06362C829D4DB92A78969 /* [CP] Copy Pods Resources */ = {
			isa = PBXShellScriptBuildPhase;
			buildActionMask = 2147483647;
			files = (
			);
			inputPaths = (
				"${SRCROOT}/Pods/Target Support Files/Pods-YHEpubDemo/Pods-YHEpubDemo-resources.sh",
				"${PODS_CONFIGURATION_BUILD_DIR}/MWPhotoBrowser/MWPhotoBrowser.bundle",
			);
			name = "[CP] Copy Pods Resources";
			outputPaths = (
				"${TARGET_BUILD_DIR}/${UNLOCALIZED_RESOURCES_FOLDER_PATH}/MWPhotoBrowser.bundle",
			);
			runOnlyForDeploymentPostprocessing = 0;
			shellPath = /bin/sh;
			shellScript = "\"${SRCROOT}/Pods/Target Support Files/Pods-YHEpubDemo/Pods-YHEpubDemo-resources.sh\"\n";
			showEnvVarsInLog = 0;
		};
/* End PBXShellScriptBuildPhase section */

/* Begin PBXSourcesBuildPhase section */
		EDFAD013222948920059E2C4 /* Sources */ = {
			isa = PBXSourcesBuildPhase;
			buildActionMask = 2147483647;
			files = (
				EDFAD01F222948920059E2C4 /* ViewController.m in Sources */,
				EDFAD01C222948920059E2C4 /* AppDelegate.m in Sources */,
				EDFAD02D222948930059E2C4 /* main.m in Sources */,
				EDFAD025222948920059E2C4 /* YHEpubDemo.xcdatamodeld in Sources */,
			);
			runOnlyForDeploymentPostprocessing = 0;
		};
		EDFAD02E222948930059E2C4 /* Sources */ = {
			isa = PBXSourcesBuildPhase;
			buildActionMask = 2147483647;
			files = (
				EDFAD037222948930059E2C4 /* YHEpubDemoTests.m in Sources */,
			);
			runOnlyForDeploymentPostprocessing = 0;
		};
		EDFAD039222948930059E2C4 /* Sources */ = {
			isa = PBXSourcesBuildPhase;
			buildActionMask = 2147483647;
			files = (
				EDFAD042222948930059E2C4 /* YHEpubDemoUITests.m in Sources */,
			);
			runOnlyForDeploymentPostprocessing = 0;
		};
/* End PBXSourcesBuildPhase section */

/* Begin PBXTargetDependency section */
		EDFAD034222948930059E2C4 /* PBXTargetDependency */ = {
			isa = PBXTargetDependency;
			target = EDFAD016222948920059E2C4 /* YHEpubDemo */;
			targetProxy = EDFAD033222948930059E2C4 /* PBXContainerItemProxy */;
		};
		EDFAD03F222948930059E2C4 /* PBXTargetDependency */ = {
			isa = PBXTargetDependency;
			target = EDFAD016222948920059E2C4 /* YHEpubDemo */;
			targetProxy = EDFAD03E222948930059E2C4 /* PBXContainerItemProxy */;
		};
/* End PBXTargetDependency section */

/* Begin PBXVariantGroup section */
		EDFAD020222948920059E2C4 /* Main.storyboard */ = {
			isa = PBXVariantGroup;
			children = (
				EDFAD021222948920059E2C4 /* Base */,
			);
			name = Main.storyboard;
			sourceTree = "<group>";
		};
		EDFAD028222948930059E2C4 /* LaunchScreen.storyboard */ = {
			isa = PBXVariantGroup;
			children = (
				EDFAD029222948930059E2C4 /* Base */,
			);
			name = LaunchScreen.storyboard;
			sourceTree = "<group>";
		};
/* End PBXVariantGroup section */

/* Begin XCBuildConfiguration section */
		EDFAD044222948930059E2C4 /* Debug */ = {
			isa = XCBuildConfiguration;
			buildSettings = {
				ALWAYS_SEARCH_USER_PATHS = NO;
				CLANG_ANALYZER_NONNULL = YES;
				CLANG_ANALYZER_NUMBER_OBJECT_CONVERSION = YES_AGGRESSIVE;
				CLANG_CXX_LANGUAGE_STANDARD = "gnu++14";
				CLANG_CXX_LIBRARY = "libc++";
				CLANG_ENABLE_MODULES = YES;
				CLANG_ENABLE_OBJC_ARC = YES;
				CLANG_ENABLE_OBJC_WEAK = YES;
				CLANG_WARN_BLOCK_CAPTURE_AUTORELEASING = YES;
				CLANG_WARN_BOOL_CONVERSION = YES;
				CLANG_WARN_COMMA = YES;
				CLANG_WARN_CONSTANT_CONVERSION = YES;
				CLANG_WARN_DEPRECATED_OBJC_IMPLEMENTATIONS = YES;
				CLANG_WARN_DIRECT_OBJC_ISA_USAGE = YES_ERROR;
				CLANG_WARN_DOCUMENTATION_COMMENTS = YES;
				CLANG_WARN_EMPTY_BODY = YES;
				CLANG_WARN_ENUM_CONVERSION = YES;
				CLANG_WARN_INFINITE_RECURSION = YES;
				CLANG_WARN_INT_CONVERSION = YES;
				CLANG_WARN_NON_LITERAL_NULL_CONVERSION = YES;
				CLANG_WARN_OBJC_IMPLICIT_RETAIN_SELF = YES;
				CLANG_WARN_OBJC_LITERAL_CONVERSION = YES;
				CLANG_WARN_OBJC_ROOT_CLASS = YES_ERROR;
				CLANG_WARN_RANGE_LOOP_ANALYSIS = YES;
				CLANG_WARN_STRICT_PROTOTYPES = YES;
				CLANG_WARN_SUSPICIOUS_MOVE = YES;
				CLANG_WARN_UNGUARDED_AVAILABILITY = YES_AGGRESSIVE;
				CLANG_WARN_UNREACHABLE_CODE = YES;
				CLANG_WARN__DUPLICATE_METHOD_MATCH = YES;
				CODE_SIGN_IDENTITY = "iPhone Developer";
				COPY_PHASE_STRIP = NO;
				DEBUG_INFORMATION_FORMAT = dwarf;
				ENABLE_STRICT_OBJC_MSGSEND = YES;
				ENABLE_TESTABILITY = YES;
				GCC_C_LANGUAGE_STANDARD = gnu11;
				GCC_DYNAMIC_NO_PIC = NO;
				GCC_NO_COMMON_BLOCKS = YES;
				GCC_OPTIMIZATION_LEVEL = 0;
				GCC_PREPROCESSOR_DEFINITIONS = (
					"DEBUG=1",
					"$(inherited)",
				);
				GCC_WARN_64_TO_32_BIT_CONVERSION = YES;
				GCC_WARN_ABOUT_RETURN_TYPE = YES_ERROR;
				GCC_WARN_UNDECLARED_SELECTOR = YES;
				GCC_WARN_UNINITIALIZED_AUTOS = YES_AGGRESSIVE;
				GCC_WARN_UNUSED_FUNCTION = YES;
				GCC_WARN_UNUSED_VARIABLE = YES;
				IPHONEOS_DEPLOYMENT_TARGET = 12.1;
				MTL_ENABLE_DEBUG_INFO = INCLUDE_SOURCE;
				MTL_FAST_MATH = YES;
				ONLY_ACTIVE_ARCH = YES;
				SDKROOT = iphoneos;
			};
			name = Debug;
		};
		EDFAD045222948930059E2C4 /* Release */ = {
			isa = XCBuildConfiguration;
			buildSettings = {
				ALWAYS_SEARCH_USER_PATHS = NO;
				CLANG_ANALYZER_NONNULL = YES;
				CLANG_ANALYZER_NUMBER_OBJECT_CONVERSION = YES_AGGRESSIVE;
				CLANG_CXX_LANGUAGE_STANDARD = "gnu++14";
				CLANG_CXX_LIBRARY = "libc++";
				CLANG_ENABLE_MODULES = YES;
				CLANG_ENABLE_OBJC_ARC = YES;
				CLANG_ENABLE_OBJC_WEAK = YES;
				CLANG_WARN_BLOCK_CAPTURE_AUTORELEASING = YES;
				CLANG_WARN_BOOL_CONVERSION = YES;
				CLANG_WARN_COMMA = YES;
				CLANG_WARN_CONSTANT_CONVERSION = YES;
				CLANG_WARN_DEPRECATED_OBJC_IMPLEMENTATIONS = YES;
				CLANG_WARN_DIRECT_OBJC_ISA_USAGE = YES_ERROR;
				CLANG_WARN_DOCUMENTATION_COMMENTS = YES;
				CLANG_WARN_EMPTY_BODY = YES;
				CLANG_WARN_ENUM_CONVERSION = YES;
				CLANG_WARN_INFINITE_RECURSION = YES;
				CLANG_WARN_INT_CONVERSION = YES;
				CLANG_WARN_NON_LITERAL_NULL_CONVERSION = YES;
				CLANG_WARN_OBJC_IMPLICIT_RETAIN_SELF = YES;
				CLANG_WARN_OBJC_LITERAL_CONVERSION = YES;
				CLANG_WARN_OBJC_ROOT_CLASS = YES_ERROR;
				CLANG_WARN_RANGE_LOOP_ANALYSIS = YES;
				CLANG_WARN_STRICT_PROTOTYPES = YES;
				CLANG_WARN_SUSPICIOUS_MOVE = YES;
				CLANG_WARN_UNGUARDED_AVAILABILITY = YES_AGGRESSIVE;
				CLANG_WARN_UNREACHABLE_CODE = YES;
				CLANG_WARN__DUPLICATE_METHOD_MATCH = YES;
				CODE_SIGN_IDENTITY = "iPhone Developer";
				COPY_PHASE_STRIP = NO;
				DEBUG_INFORMATION_FORMAT = "dwarf-with-dsym";
				ENABLE_NS_ASSERTIONS = NO;
				ENABLE_STRICT_OBJC_MSGSEND = YES;
				GCC_C_LANGUAGE_STANDARD = gnu11;
				GCC_NO_COMMON_BLOCKS = YES;
				GCC_WARN_64_TO_32_BIT_CONVERSION = YES;
				GCC_WARN_ABOUT_RETURN_TYPE = YES_ERROR;
				GCC_WARN_UNDECLARED_SELECTOR = YES;
				GCC_WARN_UNINITIALIZED_AUTOS = YES_AGGRESSIVE;
				GCC_WARN_UNUSED_FUNCTION = YES;
				GCC_WARN_UNUSED_VARIABLE = YES;
				IPHONEOS_DEPLOYMENT_TARGET = 12.1;
				MTL_ENABLE_DEBUG_INFO = NO;
				MTL_FAST_MATH = YES;
				SDKROOT = iphoneos;
				VALIDATE_PRODUCT = YES;
			};
			name = Release;
		};
		EDFAD047222948930059E2C4 /* Debug */ = {
			isa = XCBuildConfiguration;
			baseConfigurationReference = A7EB49D043339CCC6A615BB0 /* Pods-YHEpubDemo.debug.xcconfig */;
			buildSettings = {
				ASSETCATALOG_COMPILER_APPICON_NAME = AppIcon;
				CODE_SIGN_STYLE = Automatic;
				INFOPLIST_FILE = YHEpubDemo/Info.plist;
				IPHONEOS_DEPLOYMENT_TARGET = 8.0;
				LD_RUNPATH_SEARCH_PATHS = (
					"$(inherited)",
					"@executable_path/Frameworks",
				);
				PRODUCT_BUNDLE_IDENTIFIER = YHProject.YHEpubDemo;
				PRODUCT_NAME = "$(TARGET_NAME)";
				TARGETED_DEVICE_FAMILY = "1,2";
			};
			name = Debug;
		};
		EDFAD048222948930059E2C4 /* Release */ = {
			isa = XCBuildConfiguration;
			baseConfigurationReference = 84737922873718C4241864FC /* Pods-YHEpubDemo.release.xcconfig */;
			buildSettings = {
				ASSETCATALOG_COMPILER_APPICON_NAME = AppIcon;
				CODE_SIGN_STYLE = Automatic;
				INFOPLIST_FILE = YHEpubDemo/Info.plist;
				IPHONEOS_DEPLOYMENT_TARGET = 8.0;
				LD_RUNPATH_SEARCH_PATHS = (
					"$(inherited)",
					"@executable_path/Frameworks",
				);
				PRODUCT_BUNDLE_IDENTIFIER = YHProject.YHEpubDemo;
				PRODUCT_NAME = "$(TARGET_NAME)";
				TARGETED_DEVICE_FAMILY = "1,2";
			};
			name = Release;
		};
		EDFAD04A222948930059E2C4 /* Debug */ = {
			isa = XCBuildConfiguration;
			buildSettings = {
				BUNDLE_LOADER = "$(TEST_HOST)";
				CODE_SIGN_STYLE = Automatic;
				INFOPLIST_FILE = YHEpubDemoTests/Info.plist;
				LD_RUNPATH_SEARCH_PATHS = (
					"$(inherited)",
					"@executable_path/Frameworks",
					"@loader_path/Frameworks",
				);
				PRODUCT_BUNDLE_IDENTIFIER = YHProject.YHEpubDemoTests;
				PRODUCT_NAME = "$(TARGET_NAME)";
				TARGETED_DEVICE_FAMILY = "1,2";
				TEST_HOST = "$(BUILT_PRODUCTS_DIR)/YHEpubDemo.app/YHEpubDemo";
			};
			name = Debug;
		};
		EDFAD04B222948930059E2C4 /* Release */ = {
			isa = XCBuildConfiguration;
			buildSettings = {
				BUNDLE_LOADER = "$(TEST_HOST)";
				CODE_SIGN_STYLE = Automatic;
				INFOPLIST_FILE = YHEpubDemoTests/Info.plist;
				LD_RUNPATH_SEARCH_PATHS = (
					"$(inherited)",
					"@executable_path/Frameworks",
					"@loader_path/Frameworks",
				);
				PRODUCT_BUNDLE_IDENTIFIER = YHProject.YHEpubDemoTests;
				PRODUCT_NAME = "$(TARGET_NAME)";
				TARGETED_DEVICE_FAMILY = "1,2";
				TEST_HOST = "$(BUILT_PRODUCTS_DIR)/YHEpubDemo.app/YHEpubDemo";
			};
			name = Release;
		};
		EDFAD04D222948930059E2C4 /* Debug */ = {
			isa = XCBuildConfiguration;
			buildSettings = {
				CODE_SIGN_STYLE = Automatic;
				INFOPLIST_FILE = YHEpubDemoUITests/Info.plist;
				LD_RUNPATH_SEARCH_PATHS = (
					"$(inherited)",
					"@executable_path/Frameworks",
					"@loader_path/Frameworks",
				);
				PRODUCT_BUNDLE_IDENTIFIER = YHProject.YHEpubDemoUITests;
				PRODUCT_NAME = "$(TARGET_NAME)";
				TARGETED_DEVICE_FAMILY = "1,2";
				TEST_TARGET_NAME = YHEpubDemo;
			};
			name = Debug;
		};
		EDFAD04E222948930059E2C4 /* Release */ = {
			isa = XCBuildConfiguration;
			buildSettings = {
				CODE_SIGN_STYLE = Automatic;
				INFOPLIST_FILE = YHEpubDemoUITests/Info.plist;
				LD_RUNPATH_SEARCH_PATHS = (
					"$(inherited)",
					"@executable_path/Frameworks",
					"@loader_path/Frameworks",
				);
				PRODUCT_BUNDLE_IDENTIFIER = YHProject.YHEpubDemoUITests;
				PRODUCT_NAME = "$(TARGET_NAME)";
				TARGETED_DEVICE_FAMILY = "1,2";
				TEST_TARGET_NAME = YHEpubDemo;
			};
			name = Release;
		};
/* End XCBuildConfiguration section */

/* Begin XCConfigurationList section */
		EDFAD012222948920059E2C4 /* Build configuration list for PBXProject "YHEpubDemo" */ = {
			isa = XCConfigurationList;
			buildConfigurations = (
				EDFAD044222948930059E2C4 /* Debug */,
				EDFAD045222948930059E2C4 /* Release */,
			);
			defaultConfigurationIsVisible = 0;
			defaultConfigurationName = Release;
		};
		EDFAD046222948930059E2C4 /* Build configuration list for PBXNativeTarget "YHEpubDemo" */ = {
			isa = XCConfigurationList;
			buildConfigurations = (
				EDFAD047222948930059E2C4 /* Debug */,
				EDFAD048222948930059E2C4 /* Release */,
			);
			defaultConfigurationIsVisible = 0;
			defaultConfigurationName = Release;
		};
		EDFAD049222948930059E2C4 /* Build configuration list for PBXNativeTarget "YHEpubDemoTests" */ = {
			isa = XCConfigurationList;
			buildConfigurations = (
				EDFAD04A222948930059E2C4 /* Debug */,
				EDFAD04B222948930059E2C4 /* Release */,
			);
			defaultConfigurationIsVisible = 0;
			defaultConfigurationName = Release;
		};
		EDFAD04C222948930059E2C4 /* Build configuration list for PBXNativeTarget "YHEpubDemoUITests" */ = {
			isa = XCConfigurationList;
			buildConfigurations = (
				EDFAD04D222948930059E2C4 /* Debug */,
				EDFAD04E222948930059E2C4 /* Release */,
			);
			defaultConfigurationIsVisible = 0;
			defaultConfigurationName = Release;
		};
/* End XCConfigurationList section */

/* Begin XCVersionGroup section */
		EDFAD023222948920059E2C4 /* YHEpubDemo.xcdatamodeld */ = {
			isa = XCVersionGroup;
			children = (
				EDFAD024222948920059E2C4 /* YHEpubDemo.xcdatamodel */,
			);
			currentVersion = EDFAD024222948920059E2C4 /* YHEpubDemo.xcdatamodel */;
			path = YHEpubDemo.xcdatamodeld;
			sourceTree = "<group>";
			versionGroupType = wrapper.xcdatamodel;
		};
/* End XCVersionGroup section */
	};
	rootObject = EDFAD00F222948920059E2C4 /* Project object */;
}
